
Microsoft Visual Studio Solution File, Format Version 12.00
# Visual Studio Version 17
VisualStudioVersion = 17.11.35312.102
MinimumVisualStudioVersion = 10.0.40219.1
Project("{9A19103F-16F7-4668-BE54-9A1E7A4F7556}") = "Voalaft.API", "Voalaft.API.csproj", "{BDB2B2CB-2098-4D67-8A03-EF7A7B0B2C29}"
EndProject
Project("{FAE04EC0-301F-11D3-BF4B-00C04F79EFBC}") = "Voalaft.Data", "..\Voalaft.Data\Voalaft.Data.csproj", "{DBF4BEE0-2A6A-4C76-9EA8-EEBEFCA5F6CB}"
EndProject
Project("{FAE04EC0-301F-11D3-BF4B-00C04F79EFBC}") = "Voalaft.Utilerias", "..\Voalaft.Utilerias\Voalaft.Utilerias.csproj", "{80F3A644-9F8C-46F5-BFFB-CD7C2AD5CC58}"
EndProject
Global
	GlobalSection(SolutionConfigurationPlatforms) = preSolution
		Debug|Any CPU = Debug|Any CPU
		Release|Any CPU = Release|Any CPU
	EndGlobalSection
	GlobalSection(ProjectConfigurationPlatforms) = postSolution
		{BDB2B2CB-2098-4D67-8A03-EF7A7B0B2C29}.Debug|Any CPU.ActiveCfg = Debug|Any CPU
		{BDB2B2CB-2098-4D67-8A03-EF7A7B0B2C29}.Debug|Any CPU.Build.0 = Debug|Any CPU
		{BDB2B2CB-2098-4D67-8A03-EF7A7B0B2C29}.Release|Any CPU.ActiveCfg = Release|Any CPU
		{BDB2B2CB-2098-4D67-8A03-EF7A7B0B2C29}.Release|Any CPU.Build.0 = Release|Any CPU
		{DBF4BEE0-2A6A-4C76-9EA8-EEBEFCA5F6CB}.Debug|Any CPU.ActiveCfg = Debug|Any CPU
		{DBF4BEE0-2A6A-4C76-9EA8-EEBEFCA5F6CB}.Debug|Any CPU.Build.0 = Debug|Any CPU
		{DBF4BEE0-2A6A-4C76-9EA8-EEBEFCA5F6CB}.Release|Any CPU.ActiveCfg = Release|Any CPU
		{DBF4BEE0-2A6A-4C76-9EA8-EEBEFCA5F6CB}.Release|Any CPU.Build.0 = Release|Any CPU
		{80F3A644-9F8C-46F5-BFFB-CD7C2AD5CC58}.Debug|Any CPU.ActiveCfg = Debug|Any CPU
		{80F3A644-9F8C-46F5-BFFB-CD7C2AD5CC58}.Debug|Any CPU.Build.0 = Debug|Any CPU
		{80F3A644-9F8C-46F5-BFFB-CD7C2AD5CC58}.Release|Any CPU.ActiveCfg = Release|Any CPU
		{80F3A644-9F8C-46F5-BFFB-CD7C2AD5CC58}.Release|Any CPU.Build.0 = Release|Any CPU
	EndGlobalSection
	GlobalSection(SolutionProperties) = preSolution
		HideSolutionNode = FALSE
	EndGlobalSection
	GlobalSection(ExtensibilityGlobals) = postSolution
		SolutionGuid = {44E52020-DB2B-4A64-BF70-9BDACE5BC0A3}
	EndGlobalSection
EndGlobal
